<Solution>
  <Folder Name="/src/" />
  <Folder Name="/src/Services/" />
  <Folder Name="/src/Services/Identity/">
    <Project Path="src/Services/Identity/NexusSupport.Identity.Api/NexusSupport.Identity.Api.csproj" />
    <Project Path="src/Services/Identity/NexusSupport.Identity.Application/NexusSupport.Identity.Application.csproj" />
    <Project Path="src/Services/Identity/NexusSupport.Identity.Domain/NexusSupport.Identity.Domain.csproj" />
    <Project Path="src/Services/Identity/NexusSupport.Identity.Infrastructure/NexusSupport.Identity.Infrastructure.csproj" />
  </Folder>
  <Folder Name="/src/Services/KnowledgeBase/">
    <Project Path="src/Services/KnowledgeBase/NexusSupport.KnowledgeBase.Api/NexusSupport.KnowledgeBase.Api.csproj" />
    <Project Path="src/Services/KnowledgeBase/NexusSupport.KnowledgeBase.Application/NexusSupport.KnowledgeBase.Application.csproj" />
    <Project Path="src/Services/KnowledgeBase/NexusSupport.KnowledgeBase.Domain/NexusSupport.KnowledgeBase.Domain.csproj" />
    <Project Path="src/Services/KnowledgeBase/NexusSupport.KnowledgeBase.Infrastructure/NexusSupport.KnowledgeBase.Infrastructure.csproj" />
  </Folder>
  <Folder Name="/src/Services/Ticket/">
    <Project Path="src/Services/Ticket/NexusSupport.Ticket.Api/NexusSupport.Ticket.Api.csproj" />
    <Project Path="src/Services/Ticket/NexusSupport.Ticket.Application/NexusSupport.Ticket.Application.csproj" />
    <Project Path="src/Services/Ticket/NexusSupport.Ticket.Domain/NexusSupport.Ticket.Domain.csproj" />
    <Project Path="src/Services/Ticket/NexusSupport.Ticket.Infrastructure/NexusSupport.Ticket.Infrastructure.csproj" />
  </Folder>
  <Folder Name="/src/Shared/">
    <Project Path="src/Shared/NexusSupport.SourceGenerator/NexusSupport.SourceGenerator.csproj" />
  </Folder>
  <Folder Name="/tests/" />
  <Folder Name="/tests/Services/" />
  <Folder Name="/tests/Services/Identity/">
    <Project Path="tests/Services/Identity/NexusSupport.Identity.Api.Tests/NexusSupport.Identity.Api.Tests.csproj" />
    <Project Path="tests/Services/Identity/NexusSupport.Identity.Application.Tests/NexusSupport.Identity.Application.Tests.csproj" />
    <Project Path="tests/Services/Identity/NexusSupport.Identity.Infrastructure.Tests/NexusSupport.Identity.Infrastructure.Tests.csproj" />
  </Folder>
  <Folder Name="/tests/Shared/">
    <Project Path="tests/Shared/NexusSupport.SourceGenerator.Tests/NexusSupport.SourceGenerator.Tests.csproj" />
  </Folder>
</Solution>
